{
  "object": {
    "pins": [
      {
        "package": "FZSwiftUtils",
        "repositoryURL": "https://github.com/flocked/FZSwiftUtils.git",
        "state": {
          "branch": "main",
          "revision": "f68778ca61e06db90fb734ec8248036be0756c31",
          "version": null
        }
      }
    ]
  },
  "version": 1
}
