{
  "object": {
    "pins": [
      {
        "package": "FZSwiftUtils",
        "repositoryURL": "https://github.com/flocked/FZSwiftUtils.git",
        "state": {
          "branch": "main",
          "revision": "1cba6e4c7cf027f9334a367c05eae4eee613cb51",
          "version": null
        }
      }
    ]
  },
  "version": 1
}
