{
  "object": {
    "pins": [
      {
        "package": "FZSwiftUtils",
        "repositoryURL": "https://github.com/flocked/FZSwiftUtils.git",
        "state": {
          "branch": "main",
          "revision": "c0ce1653d6e91b13a6d1b6f729fc70c74421f72a",
          "version": null
        }
      }
    ]
  },
  "version": 1
}
